
Microsoft Visual Studio Solution File, Format Version 12.00
# Visual Studio Version 16
VisualStudioVersion = 16.0.31129.286
MinimumVisualStudioVersion = 10.0.40219.1
Project("{FAE04EC0-301F-11D3-BF4B-00C04F79EFBC}") = "TemaProiectPOO", "TemaProiectPOO\TemaProiectPOO.csproj", "{A7D3058E-E993-4297-86FF-F3A8B9B5DD83}"
EndProject
Global
	GlobalSection(SolutionConfigurationPlatforms) = preSolution
		Debug|Any CPU = Debug|Any CPU
		Release|Any CPU = Release|Any CPU
	EndGlobalSection
	GlobalSection(ProjectConfigurationPlatforms) = postSolution
		{A7D3058E-E993-4297-86FF-F3A8B9B5DD83}.Debug|Any CPU.ActiveCfg = Debug|Any CPU
		{A7D3058E-E993-4297-86FF-F3A8B9B5DD83}.Debug|Any CPU.Build.0 = Debug|Any CPU
		{A7D3058E-E993-4297-86FF-F3A8B9B5DD83}.Release|Any CPU.ActiveCfg = Release|Any CPU
		{A7D3058E-E993-4297-86FF-F3A8B9B5DD83}.Release|Any CPU.Build.0 = Release|Any CPU
	EndGlobalSection
	GlobalSection(SolutionProperties) = preSolution
		HideSolutionNode = FALSE
	EndGlobalSection
	GlobalSection(ExtensibilityGlobals) = postSolution
		SolutionGuid = {546A6DA5-B25B-4FF1-BA31-EB69431D1D69}
	EndGlobalSection
EndGlobal
